
Microsoft Visual Studio Solution File, Format Version 12.00
# Visual Studio 15
VisualStudioVersion = 15.0.27428.1
MinimumVisualStudioVersion = 10.0.40219.1
Project("{FAE04EC0-301F-11D3-BF4B-00C04F79EFBC}") = "Program2", "Program2\Program2.csproj", "{163246AA-7D9B-43B4-8053-BC2236C73FC8}"
EndProject
Global
	GlobalSection(SolutionConfigurationPlatforms) = preSolution
		Debug|Any CPU = Debug|Any CPU
		Release|Any CPU = Release|Any CPU
	EndGlobalSection
	GlobalSection(ProjectConfigurationPlatforms) = postSolution
		{163246AA-7D9B-43B4-8053-BC2236C73FC8}.Debug|Any CPU.ActiveCfg = Debug|Any CPU
		{163246AA-7D9B-43B4-8053-BC2236C73FC8}.Debug|Any CPU.Build.0 = Debug|Any CPU
		{163246AA-7D9B-43B4-8053-BC2236C73FC8}.Release|Any CPU.ActiveCfg = Release|Any CPU
		{163246AA-7D9B-43B4-8053-BC2236C73FC8}.Release|Any CPU.Build.0 = Release|Any CPU
	EndGlobalSection
	GlobalSection(SolutionProperties) = preSolution
		HideSolutionNode = FALSE
	EndGlobalSection
	GlobalSection(ExtensibilityGlobals) = postSolution
		SolutionGuid = {B129DB7A-14A6-4EA2-BAB9-CF290C00EE3C}
	EndGlobalSection
EndGlobal
